{
  "name": "claude-desktop-zh-cn-overlay",
  "version": "0.1.5",
  "lockfileVersion": 3,
  "requires": true,
  "packages": {
    "": {
      "name": "claude-desktop-zh-cn-overlay",
      "version": "0.1.5",
      "bin": {
        "claude-cn": "bin/claude-cn.mjs"
      },
      "engines": {
        "node": ">=22.0.0"
      }
    }
  }
}
